
Microsoft Visual Studio Solution File, Format Version 12.00
# Visual Studio Version 17
VisualStudioVersion = 17.5.2.0
MinimumVisualStudioVersion = 10.0.40219.1
Project("{FAE04EC0-301F-11D3-BF4B-00C04F79EFBC}") = "IntelliCampus.Web", "IntelliCampus.Web\IntelliCampus.Web.csproj", "{650FA309-1BA2-AFC4-803B-10FD92A51331}"
EndProject
Project("{FAE04EC0-301F-11D3-BF4B-00C04F79EFBC}") = "IntelliCampus.shared", "IntelliCampus.shared\IntelliCampus.shared.csproj", "{58BF9F90-492B-4493-8CC7-8984BF640CBE}"
EndProject
Project("{2150E333-8FDC-42A3-9474-1A3956D46DE8}") = "ApplicationCoreLayer", "ApplicationCoreLayer", "{02EA681E-C7D8-13C7-8484-4AC65E1B71E8}"
EndProject
Project("{FAE04EC0-301F-11D3-BF4B-00C04F79EFBC}") = "IntelliCampus.Domain", "IntelliCampus.Domain\IntelliCampus.Domain.csproj", "{2927A113-D8F8-4E8D-845D-148D5EF2618A}"
EndProject
Project("{FAE04EC0-301F-11D3-BF4B-00C04F79EFBC}") = "IntelliCampus.Service", "IntelliCampus.Service\IntelliCampus.Service.csproj", "{DF63A32F-3218-48A6-BB36-DBEE574E2363}"
EndProject
Project("{FAE04EC0-301F-11D3-BF4B-00C04F79EFBC}") = "IntelliCampus.Service_Abstraction", "IntelliCampus.Service_Abstraction\IntelliCampus.Service_Abstraction.csproj", "{C6B52529-F9E2-428F-B9DB-23D94FDE8EA8}"
EndProject
Project("{2150E333-8FDC-42A3-9474-1A3956D46DE8}") = "InfrastructureLayer", "InfrastructureLayer", "{EBC83992-3D99-4722-A37D-34466B6B36B1}"
EndProject
Project("{2150E333-8FDC-42A3-9474-1A3956D46DE8}") = "PresentationLayer", "PresentationLayer", "{F590824A-9DB7-4B4C-A4FE-4BF8B3CAC538}"
EndProject
Project("{FAE04EC0-301F-11D3-BF4B-00C04F79EFBC}") = "IntelliCampus.Presentation", "IntelliCampus.Presentation\IntelliCampus.Presentation.csproj", "{D7744BC0-CFF6-425D-8A7A-A0BC53D7548E}"
EndProject
Project("{FAE04EC0-301F-11D3-BF4B-00C04F79EFBC}") = "IntelliCampus.Presistence", "IntelliCmpus.Presistence\IntelliCampus.Presistence.csproj", "{B99D56B5-1D94-4388-BFAB-FC562A8DFBBC}"
EndProject
Project("{FAE04EC0-301F-11D3-BF4B-00C04F79EFBC}") = "IntelliCampus.UnitTests", "IntelliCampus.UnitTests\IntelliCampus.UnitTests.csproj", "{0F36A3C5-E94C-4EE4-943A-C6D1A97F08ED}"
EndProject
Project("{FAE04EC0-301F-11D3-BF4B-00C04F79EFBC}") = "IntelliCampus.IntegrationTests", "IntelliCampus.IntegrationTests\IntelliCampus.IntegrationTests.csproj", "{98003AB6-5682-4E75-9A9F-BA930A667B1E}"
EndProject
Global
	GlobalSection(SolutionConfigurationPlatforms) = preSolution
		Debug|Any CPU = Debug|Any CPU
		Debug|x64 = Debug|x64
		Debug|x86 = Debug|x86
		Release|Any CPU = Release|Any CPU
		Release|x64 = Release|x64
		Release|x86 = Release|x86
	EndGlobalSection
	GlobalSection(ProjectConfigurationPlatforms) = postSolution
		{650FA309-1BA2-AFC4-803B-10FD92A51331}.Debug|Any CPU.ActiveCfg = Debug|Any CPU
		{650FA309-1BA2-AFC4-803B-10FD92A51331}.Debug|Any CPU.Build.0 = Debug|Any CPU
		{650FA309-1BA2-AFC4-803B-10FD92A51331}.Debug|x64.ActiveCfg = Debug|Any CPU
		{650FA309-1BA2-AFC4-803B-10FD92A51331}.Debug|x64.Build.0 = Debug|Any CPU
		{650FA309-1BA2-AFC4-803B-10FD92A51331}.Debug|x86.ActiveCfg = Debug|Any CPU
		{650FA309-1BA2-AFC4-803B-10FD92A51331}.Debug|x86.Build.0 = Debug|Any CPU
		{650FA309-1BA2-AFC4-803B-10FD92A51331}.Release|Any CPU.ActiveCfg = Release|Any CPU
		{650FA309-1BA2-AFC4-803B-10FD92A51331}.Release|Any CPU.Build.0 = Release|Any CPU
		{650FA309-1BA2-AFC4-803B-10FD92A51331}.Release|x64.ActiveCfg = Release|Any CPU
		{650FA309-1BA2-AFC4-803B-10FD92A51331}.Release|x64.Build.0 = Release|Any CPU
		{650FA309-1BA2-AFC4-803B-10FD92A51331}.Release|x86.ActiveCfg = Release|Any CPU
		{650FA309-1BA2-AFC4-803B-10FD92A51331}.Release|x86.Build.0 = Release|Any CPU
		{58BF9F90-492B-4493-8CC7-8984BF640CBE}.Debug|Any CPU.ActiveCfg = Debug|Any CPU
		{58BF9F90-492B-4493-8CC7-8984BF640CBE}.Debug|Any CPU.Build.0 = Debug|Any CPU
		{58BF9F90-492B-4493-8CC7-8984BF640CBE}.Debug|x64.ActiveCfg = Debug|Any CPU
		{58BF9F90-492B-4493-8CC7-8984BF640CBE}.Debug|x64.Build.0 = Debug|Any CPU
		{58BF9F90-492B-4493-8CC7-8984BF640CBE}.Debug|x86.ActiveCfg = Debug|Any CPU
		{58BF9F90-492B-4493-8CC7-8984BF640CBE}.Debug|x86.Build.0 = Debug|Any CPU
		{58BF9F90-492B-4493-8CC7-8984BF640CBE}.Release|Any CPU.ActiveCfg = Release|Any CPU
		{58BF9F90-492B-4493-8CC7-8984BF640CBE}.Release|Any CPU.Build.0 = Release|Any CPU
		{58BF9F90-492B-4493-8CC7-8984BF640CBE}.Release|x64.ActiveCfg = Release|Any CPU
		{58BF9F90-492B-4493-8CC7-8984BF640CBE}.Release|x64.Build.0 = Release|Any CPU
		{58BF9F90-492B-4493-8CC7-8984BF640CBE}.Release|x86.ActiveCfg = Release|Any CPU
		{58BF9F90-492B-4493-8CC7-8984BF640CBE}.Release|x86.Build.0 = Release|Any CPU
		{2927A113-D8F8-4E8D-845D-148D5EF2618A}.Debug|Any CPU.ActiveCfg = Debug|Any CPU
		{2927A113-D8F8-4E8D-845D-148D5EF2618A}.Debug|Any CPU.Build.0 = Debug|Any CPU
		{2927A113-D8F8-4E8D-845D-148D5EF2618A}.Debug|x64.ActiveCfg = Debug|Any CPU
		{2927A113-D8F8-4E8D-845D-148D5EF2618A}.Debug|x64.Build.0 = Debug|Any CPU
		{2927A113-D8F8-4E8D-845D-148D5EF2618A}.Debug|x86.ActiveCfg = Debug|Any CPU
		{2927A113-D8F8-4E8D-845D-148D5EF2618A}.Debug|x86.Build.0 = Debug|Any CPU
		{2927A113-D8F8-4E8D-845D-148D5EF2618A}.Release|Any CPU.ActiveCfg = Release|Any CPU
		{2927A113-D8F8-4E8D-845D-148D5EF2618A}.Release|Any CPU.Build.0 = Release|Any CPU
		{2927A113-D8F8-4E8D-845D-148D5EF2618A}.Release|x64.ActiveCfg = Release|Any CPU
		{2927A113-D8F8-4E8D-845D-148D5EF2618A}.Release|x64.Build.0 = Release|Any CPU
		{2927A113-D8F8-4E8D-845D-148D5EF2618A}.Release|x86.ActiveCfg = Release|Any CPU
		{2927A113-D8F8-4E8D-845D-148D5EF2618A}.Release|x86.Build.0 = Release|Any CPU
		{DF63A32F-3218-48A6-BB36-DBEE574E2363}.Debug|Any CPU.ActiveCfg = Debug|Any CPU
		{DF63A32F-3218-48A6-BB36-DBEE574E2363}.Debug|Any CPU.Build.0 = Debug|Any CPU
		{DF63A32F-3218-48A6-BB36-DBEE574E2363}.Debug|x64.ActiveCfg = Debug|Any CPU
		{DF63A32F-3218-48A6-BB36-DBEE574E2363}.Debug|x64.Build.0 = Debug|Any CPU
		{DF63A32F-3218-48A6-BB36-DBEE574E2363}.Debug|x86.ActiveCfg = Debug|Any CPU
		{DF63A32F-3218-48A6-BB36-DBEE574E2363}.Debug|x86.Build.0 = Debug|Any CPU
		{DF63A32F-3218-48A6-BB36-DBEE574E2363}.Release|Any CPU.ActiveCfg = Release|Any CPU
		{DF63A32F-3218-48A6-BB36-DBEE574E2363}.Release|Any CPU.Build.0 = Release|Any CPU
		{DF63A32F-3218-48A6-BB36-DBEE574E2363}.Release|x64.ActiveCfg = Release|Any CPU
		{DF63A32F-3218-48A6-BB36-DBEE574E2363}.Release|x64.Build.0 = Release|Any CPU
		{DF63A32F-3218-48A6-BB36-DBEE574E2363}.Release|x86.ActiveCfg = Release|Any CPU
		{DF63A32F-3218-48A6-BB36-DBEE574E2363}.Release|x86.Build.0 = Release|Any CPU
		{C6B52529-F9E2-428F-B9DB-23D94FDE8EA8}.Debug|Any CPU.ActiveCfg = Debug|Any CPU
		{C6B52529-F9E2-428F-B9DB-23D94FDE8EA8}.Debug|Any CPU.Build.0 = Debug|Any CPU
		{C6B52529-F9E2-428F-B9DB-23D94FDE8EA8}.Debug|x64.ActiveCfg = Debug|Any CPU
		{C6B52529-F9E2-428F-B9DB-23D94FDE8EA8}.Debug|x64.Build.0 = Debug|Any CPU
		{C6B52529-F9E2-428F-B9DB-23D94FDE8EA8}.Debug|x86.ActiveCfg = Debug|Any CPU
		{C6B52529-F9E2-428F-B9DB-23D94FDE8EA8}.Debug|x86.Build.0 = Debug|Any CPU
		{C6B52529-F9E2-428F-B9DB-23D94FDE8EA8}.Release|Any CPU.ActiveCfg = Release|Any CPU
		{C6B52529-F9E2-428F-B9DB-23D94FDE8EA8}.Release|Any CPU.Build.0 = Release|Any CPU
		{C6B52529-F9E2-428F-B9DB-23D94FDE8EA8}.Release|x64.ActiveCfg = Release|Any CPU
		{C6B52529-F9E2-428F-B9DB-23D94FDE8EA8}.Release|x64.Build.0 = Release|Any CPU
		{C6B52529-F9E2-428F-B9DB-23D94FDE8EA8}.Release|x86.ActiveCfg = Release|Any CPU
		{C6B52529-F9E2-428F-B9DB-23D94FDE8EA8}.Release|x86.Build.0 = Release|Any CPU
		{D7744BC0-CFF6-425D-8A7A-A0BC53D7548E}.Debug|Any CPU.ActiveCfg = Debug|Any CPU
		{D7744BC0-CFF6-425D-8A7A-A0BC53D7548E}.Debug|Any CPU.Build.0 = Debug|Any CPU
		{D7744BC0-CFF6-425D-8A7A-A0BC53D7548E}.Debug|x64.ActiveCfg = Debug|Any CPU
		{D7744BC0-CFF6-425D-8A7A-A0BC53D7548E}.Debug|x64.Build.0 = Debug|Any CPU
		{D7744BC0-CFF6-425D-8A7A-A0BC53D7548E}.Debug|x86.ActiveCfg = Debug|Any CPU
		{D7744BC0-CFF6-425D-8A7A-A0BC53D7548E}.Debug|x86.Build.0 = Debug|Any CPU
		{D7744BC0-CFF6-425D-8A7A-A0BC53D7548E}.Release|Any CPU.ActiveCfg = Release|Any CPU
		{D7744BC0-CFF6-425D-8A7A-A0BC53D7548E}.Release|Any CPU.Build.0 = Release|Any CPU
		{D7744BC0-CFF6-425D-8A7A-A0BC53D7548E}.Release|x64.ActiveCfg = Release|Any CPU
		{D7744BC0-CFF6-425D-8A7A-A0BC53D7548E}.Release|x64.Build.0 = Release|Any CPU
		{D7744BC0-CFF6-425D-8A7A-A0BC53D7548E}.Release|x86.ActiveCfg = Release|Any CPU
		{D7744BC0-CFF6-425D-8A7A-A0BC53D7548E}.Release|x86.Build.0 = Release|Any CPU
		{B99D56B5-1D94-4388-BFAB-FC562A8DFBBC}.Debug|Any CPU.ActiveCfg = Debug|Any CPU
		{B99D56B5-1D94-4388-BFAB-FC562A8DFBBC}.Debug|Any CPU.Build.0 = Debug|Any CPU
		{B99D56B5-1D94-4388-BFAB-FC562A8DFBBC}.Debug|x64.ActiveCfg = Debug|Any CPU
		{B99D56B5-1D94-4388-BFAB-FC562A8DFBBC}.Debug|x64.Build.0 = Debug|Any CPU
		{B99D56B5-1D94-4388-BFAB-FC562A8DFBBC}.Debug|x86.ActiveCfg = Debug|Any CPU
		{B99D56B5-1D94-4388-BFAB-FC562A8DFBBC}.Debug|x86.Build.0 = Debug|Any CPU
		{B99D56B5-1D94-4388-BFAB-FC562A8DFBBC}.Release|Any CPU.ActiveCfg = Release|Any CPU
		{B99D56B5-1D94-4388-BFAB-FC562A8DFBBC}.Release|Any CPU.Build.0 = Release|Any CPU
		{B99D56B5-1D94-4388-BFAB-FC562A8DFBBC}.Release|x64.ActiveCfg = Release|Any CPU
		{B99D56B5-1D94-4388-BFAB-FC562A8DFBBC}.Release|x64.Build.0 = Release|Any CPU
		{B99D56B5-1D94-4388-BFAB-FC562A8DFBBC}.Release|x86.ActiveCfg = Release|Any CPU
		{B99D56B5-1D94-4388-BFAB-FC562A8DFBBC}.Release|x86.Build.0 = Release|Any CPU
		{0F36A3C5-E94C-4EE4-943A-C6D1A97F08ED}.Debug|Any CPU.ActiveCfg = Debug|Any CPU
		{0F36A3C5-E94C-4EE4-943A-C6D1A97F08ED}.Debug|Any CPU.Build.0 = Debug|Any CPU
		{0F36A3C5-E94C-4EE4-943A-C6D1A97F08ED}.Debug|x64.ActiveCfg = Debug|Any CPU
		{0F36A3C5-E94C-4EE4-943A-C6D1A97F08ED}.Debug|x64.Build.0 = Debug|Any CPU
		{0F36A3C5-E94C-4EE4-943A-C6D1A97F08ED}.Debug|x86.ActiveCfg = Debug|Any CPU
		{0F36A3C5-E94C-4EE4-943A-C6D1A97F08ED}.Debug|x86.Build.0 = Debug|Any CPU
		{0F36A3C5-E94C-4EE4-943A-C6D1A97F08ED}.Release|Any CPU.ActiveCfg = Release|Any CPU
		{0F36A3C5-E94C-4EE4-943A-C6D1A97F08ED}.Release|Any CPU.Build.0 = Release|Any CPU
		{0F36A3C5-E94C-4EE4-943A-C6D1A97F08ED}.Release|x64.ActiveCfg = Release|Any CPU
		{0F36A3C5-E94C-4EE4-943A-C6D1A97F08ED}.Release|x64.Build.0 = Release|Any CPU
		{0F36A3C5-E94C-4EE4-943A-C6D1A97F08ED}.Release|x86.ActiveCfg = Release|Any CPU
		{0F36A3C5-E94C-4EE4-943A-C6D1A97F08ED}.Release|x86.Build.0 = Release|Any CPU
		{98003AB6-5682-4E75-9A9F-BA930A667B1E}.Debug|Any CPU.ActiveCfg = Debug|Any CPU
		{98003AB6-5682-4E75-9A9F-BA930A667B1E}.Debug|Any CPU.Build.0 = Debug|Any CPU
		{98003AB6-5682-4E75-9A9F-BA930A667B1E}.Debug|x64.ActiveCfg = Debug|Any CPU
		{98003AB6-5682-4E75-9A9F-BA930A667B1E}.Debug|x64.Build.0 = Debug|Any CPU
		{98003AB6-5682-4E75-9A9F-BA930A667B1E}.Debug|x86.ActiveCfg = Debug|Any CPU
		{98003AB6-5682-4E75-9A9F-BA930A667B1E}.Debug|x86.Build.0 = Debug|Any CPU
		{98003AB6-5682-4E75-9A9F-BA930A667B1E}.Release|Any CPU.ActiveCfg = Release|Any CPU
		{98003AB6-5682-4E75-9A9F-BA930A667B1E}.Release|Any CPU.Build.0 = Release|Any CPU
		{98003AB6-5682-4E75-9A9F-BA930A667B1E}.Release|x64.ActiveCfg = Release|Any CPU
		{98003AB6-5682-4E75-9A9F-BA930A667B1E}.Release|x64.Build.0 = Release|Any CPU
		{98003AB6-5682-4E75-9A9F-BA930A667B1E}.Release|x86.ActiveCfg = Release|Any CPU
		{98003AB6-5682-4E75-9A9F-BA930A667B1E}.Release|x86.Build.0 = Release|Any CPU
	EndGlobalSection
	GlobalSection(SolutionProperties) = preSolution
		HideSolutionNode = FALSE
	EndGlobalSection
	GlobalSection(NestedProjects) = preSolution
		{650FA309-1BA2-AFC4-803B-10FD92A51331} = {F590824A-9DB7-4B4C-A4FE-4BF8B3CAC538}
		{2927A113-D8F8-4E8D-845D-148D5EF2618A} = {02EA681E-C7D8-13C7-8484-4AC65E1B71E8}
		{DF63A32F-3218-48A6-BB36-DBEE574E2363} = {02EA681E-C7D8-13C7-8484-4AC65E1B71E8}
		{C6B52529-F9E2-428F-B9DB-23D94FDE8EA8} = {02EA681E-C7D8-13C7-8484-4AC65E1B71E8}
		{D7744BC0-CFF6-425D-8A7A-A0BC53D7548E} = {F590824A-9DB7-4B4C-A4FE-4BF8B3CAC538}
		{B99D56B5-1D94-4388-BFAB-FC562A8DFBBC} = {EBC83992-3D99-4722-A37D-34466B6B36B1}
	EndGlobalSection
	GlobalSection(ExtensibilityGlobals) = postSolution
		SolutionGuid = {FEE5CA73-38B3-4EB5-9690-C38ECFE4DA3B}
	EndGlobalSection
EndGlobal
